
Microsoft Visual Studio Solution File, Format Version 11.00
# Visual Studio 2010
Project("{FAE04EC0-301F-11D3-BF4B-00C04F79EFBC}") = "TDUMT_2", "TDUMT_2_Main\TDUMT_2.csproj", "{AA382F76-CA08-4484-87BB-1E2F3DA4C87D}"
EndProject
Project("{FAE04EC0-301F-11D3-BF4B-00C04F79EFBC}") = "TDUMT_2_MiniBnkManager", "TDUMT_2_MiniBnk\TDUMT_2_MiniBnkManager.csproj", "{A47BAAEF-CCB5-4582-9BB3-A10CA5E90645}"
EndProject
Project("{FAE04EC0-301F-11D3-BF4B-00C04F79EFBC}") = "TDUMT_2_MiniXmb", "TDUMT_2_MiniXmb\TDUMT_2_MiniXmb.csproj", "{4BA314EF-3324-488E-89BA-3BF1D64035BE}"
EndProject
Project("{FAE04EC0-301F-11D3-BF4B-00C04F79EFBC}") = "ModdingLibrary_2", "..\..\..\tdumodlib_2.0\branches\LIB_BRC_2.0.B3-1\ModdingLib\ModdingLibrary_2.csproj", "{41363274-6E18-43DA-9D6A-C8A5CB74598F}"
EndProject
Global
	GlobalSection(SolutionConfigurationPlatforms) = preSolution
		Debug|Any CPU = Debug|Any CPU
		Debug|Mixed Platforms = Debug|Mixed Platforms
		Debug|x86 = Debug|x86
		Release|Any CPU = Release|Any CPU
		Release|Mixed Platforms = Release|Mixed Platforms
		Release|x86 = Release|x86
	EndGlobalSection
	GlobalSection(ProjectConfigurationPlatforms) = postSolution
		{AA382F76-CA08-4484-87BB-1E2F3DA4C87D}.Debug|Any CPU.ActiveCfg = Debug|Any CPU
		{AA382F76-CA08-4484-87BB-1E2F3DA4C87D}.Debug|Any CPU.Build.0 = Debug|Any CPU
		{AA382F76-CA08-4484-87BB-1E2F3DA4C87D}.Debug|Mixed Platforms.ActiveCfg = Debug|Any CPU
		{AA382F76-CA08-4484-87BB-1E2F3DA4C87D}.Debug|Mixed Platforms.Build.0 = Debug|Any CPU
		{AA382F76-CA08-4484-87BB-1E2F3DA4C87D}.Debug|x86.ActiveCfg = Debug|x86
		{AA382F76-CA08-4484-87BB-1E2F3DA4C87D}.Debug|x86.Build.0 = Debug|x86
		{AA382F76-CA08-4484-87BB-1E2F3DA4C87D}.Release|Any CPU.ActiveCfg = Release|Any CPU
		{AA382F76-CA08-4484-87BB-1E2F3DA4C87D}.Release|Any CPU.Build.0 = Release|Any CPU
		{AA382F76-CA08-4484-87BB-1E2F3DA4C87D}.Release|Mixed Platforms.ActiveCfg = Release|Any CPU
		{AA382F76-CA08-4484-87BB-1E2F3DA4C87D}.Release|Mixed Platforms.Build.0 = Release|Any CPU
		{AA382F76-CA08-4484-87BB-1E2F3DA4C87D}.Release|x86.ActiveCfg = Release|x86
		{AA382F76-CA08-4484-87BB-1E2F3DA4C87D}.Release|x86.Build.0 = Release|x86
		{A47BAAEF-CCB5-4582-9BB3-A10CA5E90645}.Debug|Any CPU.ActiveCfg = Debug|x86
		{A47BAAEF-CCB5-4582-9BB3-A10CA5E90645}.Debug|Mixed Platforms.ActiveCfg = Debug|x86
		{A47BAAEF-CCB5-4582-9BB3-A10CA5E90645}.Debug|Mixed Platforms.Build.0 = Debug|x86
		{A47BAAEF-CCB5-4582-9BB3-A10CA5E90645}.Debug|x86.ActiveCfg = Debug|x86
		{A47BAAEF-CCB5-4582-9BB3-A10CA5E90645}.Debug|x86.Build.0 = Debug|x86
		{A47BAAEF-CCB5-4582-9BB3-A10CA5E90645}.Release|Any CPU.ActiveCfg = Release|x86
		{A47BAAEF-CCB5-4582-9BB3-A10CA5E90645}.Release|Mixed Platforms.ActiveCfg = Release|x86
		{A47BAAEF-CCB5-4582-9BB3-A10CA5E90645}.Release|Mixed Platforms.Build.0 = Release|x86
		{A47BAAEF-CCB5-4582-9BB3-A10CA5E90645}.Release|x86.ActiveCfg = Release|x86
		{A47BAAEF-CCB5-4582-9BB3-A10CA5E90645}.Release|x86.Build.0 = Release|x86
		{4BA314EF-3324-488E-89BA-3BF1D64035BE}.Debug|Any CPU.ActiveCfg = Debug|x86
		{4BA314EF-3324-488E-89BA-3BF1D64035BE}.Debug|Mixed Platforms.ActiveCfg = Debug|x86
		{4BA314EF-3324-488E-89BA-3BF1D64035BE}.Debug|Mixed Platforms.Build.0 = Debug|x86
		{4BA314EF-3324-488E-89BA-3BF1D64035BE}.Debug|x86.ActiveCfg = Debug|x86
		{4BA314EF-3324-488E-89BA-3BF1D64035BE}.Debug|x86.Build.0 = Debug|x86
		{4BA314EF-3324-488E-89BA-3BF1D64035BE}.Release|Any CPU.ActiveCfg = Release|x86
		{4BA314EF-3324-488E-89BA-3BF1D64035BE}.Release|Mixed Platforms.ActiveCfg = Release|x86
		{4BA314EF-3324-488E-89BA-3BF1D64035BE}.Release|Mixed Platforms.Build.0 = Release|x86
		{4BA314EF-3324-488E-89BA-3BF1D64035BE}.Release|x86.ActiveCfg = Release|x86
		{4BA314EF-3324-488E-89BA-3BF1D64035BE}.Release|x86.Build.0 = Release|x86
		{41363274-6E18-43DA-9D6A-C8A5CB74598F}.Debug|Any CPU.ActiveCfg = Debug|Any CPU
		{41363274-6E18-43DA-9D6A-C8A5CB74598F}.Debug|Any CPU.Build.0 = Debug|Any CPU
		{41363274-6E18-43DA-9D6A-C8A5CB74598F}.Debug|Mixed Platforms.ActiveCfg = Debug|Any CPU
		{41363274-6E18-43DA-9D6A-C8A5CB74598F}.Debug|Mixed Platforms.Build.0 = Debug|Any CPU
		{41363274-6E18-43DA-9D6A-C8A5CB74598F}.Debug|x86.ActiveCfg = Debug|Any CPU
		{41363274-6E18-43DA-9D6A-C8A5CB74598F}.Release|Any CPU.ActiveCfg = Release|Any CPU
		{41363274-6E18-43DA-9D6A-C8A5CB74598F}.Release|Any CPU.Build.0 = Release|Any CPU
		{41363274-6E18-43DA-9D6A-C8A5CB74598F}.Release|Mixed Platforms.ActiveCfg = Release|Any CPU
		{41363274-6E18-43DA-9D6A-C8A5CB74598F}.Release|Mixed Platforms.Build.0 = Release|Any CPU
		{41363274-6E18-43DA-9D6A-C8A5CB74598F}.Release|x86.ActiveCfg = Release|x86
	EndGlobalSection
	GlobalSection(SolutionProperties) = preSolution
		HideSolutionNode = FALSE
	EndGlobalSection
EndGlobal
