
Microsoft Visual Studio Solution File, Format Version 12.00
# Visual Studio Express 2012 for Windows Desktop
Project("{FAE04EC0-301F-11D3-BF4B-00C04F79EFBC}") = "TDUMT_2", "TDUMT_2_Main\TDUMT_2.csproj", "{AA382F76-CA08-4484-87BB-1E2F3DA4C87D}"
EndProject
Project("{FAE04EC0-301F-11D3-BF4B-00C04F79EFBC}") = "TDUMT_2_MiniBnkManager", "TDUMT_2_MiniBnk\TDUMT_2_MiniBnkManager.csproj", "{A47BAAEF-CCB5-4582-9BB3-A10CA5E90645}"
EndProject
Project("{FAE04EC0-301F-11D3-BF4B-00C04F79EFBC}") = "TDUMT_2_MiniXmb", "TDUMT_2_MiniXmb\TDUMT_2_MiniXmb.csproj", "{4BA314EF-3324-488E-89BA-3BF1D64035BE}"
EndProject
Project("{FAE04EC0-301F-11D3-BF4B-00C04F79EFBC}") = "ModdingLibrary_2", "..\..\tdumodlib_2.0\trunk\ModdingLib\ModdingLibrary_2.csproj", "{41363274-6E18-43DA-9D6A-C8A5CB74598F}"
EndProject
Project("{FAE04EC0-301F-11D3-BF4B-00C04F79EFBC}") = "DjeLibrary_2", "..\..\..\framework\djelib_2.0\trunk\DjeLibrary_2\DjeLibrary_2.csproj", "{283765CD-4CAA-4C89-994A-0A73B60D2FBA}"
EndProject
Project("{FAE04EC0-301F-11D3-BF4B-00C04F79EFBC}") = "DjeLibrary_2_Test", "..\..\..\framework\djelib_2.0\trunk\DjeLibrary_2_Test\DjeLibrary_2_Test.csproj", "{7A112510-DF91-451B-9604-58A5C61BF448}"
EndProject
Project("{FAE04EC0-301F-11D3-BF4B-00C04F79EFBC}") = "ModdingLibraryTest", "..\..\tdumodlib_2.0\trunk\ModdingLibraryTest\ModdingLibraryTest.csproj", "{E02F19CA-2457-423F-B91D-DB1F85607B90}"
EndProject
Global
	GlobalSection(SolutionConfigurationPlatforms) = preSolution
		Debug|Any CPU = Debug|Any CPU
		Debug|x64 = Debug|x64
		Debug|x86 = Debug|x86
		Release|Any CPU = Release|Any CPU
		Release|x64 = Release|x64
		Release|x86 = Release|x86
	EndGlobalSection
	GlobalSection(ProjectConfigurationPlatforms) = postSolution
		{AA382F76-CA08-4484-87BB-1E2F3DA4C87D}.Debug|Any CPU.ActiveCfg = Debug|Any CPU
		{AA382F76-CA08-4484-87BB-1E2F3DA4C87D}.Debug|Any CPU.Build.0 = Debug|Any CPU
		{AA382F76-CA08-4484-87BB-1E2F3DA4C87D}.Debug|x64.ActiveCfg = Debug|Any CPU
		{AA382F76-CA08-4484-87BB-1E2F3DA4C87D}.Debug|x86.ActiveCfg = Debug|x86
		{AA382F76-CA08-4484-87BB-1E2F3DA4C87D}.Debug|x86.Build.0 = Debug|x86
		{AA382F76-CA08-4484-87BB-1E2F3DA4C87D}.Release|Any CPU.ActiveCfg = Release|Any CPU
		{AA382F76-CA08-4484-87BB-1E2F3DA4C87D}.Release|Any CPU.Build.0 = Release|Any CPU
		{AA382F76-CA08-4484-87BB-1E2F3DA4C87D}.Release|x64.ActiveCfg = Release|Any CPU
		{AA382F76-CA08-4484-87BB-1E2F3DA4C87D}.Release|x86.ActiveCfg = Release|x86
		{AA382F76-CA08-4484-87BB-1E2F3DA4C87D}.Release|x86.Build.0 = Release|x86
		{A47BAAEF-CCB5-4582-9BB3-A10CA5E90645}.Debug|Any CPU.ActiveCfg = Debug|Any CPU
		{A47BAAEF-CCB5-4582-9BB3-A10CA5E90645}.Debug|Any CPU.Build.0 = Debug|Any CPU
		{A47BAAEF-CCB5-4582-9BB3-A10CA5E90645}.Debug|x64.ActiveCfg = Debug|Any CPU
		{A47BAAEF-CCB5-4582-9BB3-A10CA5E90645}.Debug|x86.ActiveCfg = Debug|Any CPU
		{A47BAAEF-CCB5-4582-9BB3-A10CA5E90645}.Release|Any CPU.ActiveCfg = Release|Any CPU
		{A47BAAEF-CCB5-4582-9BB3-A10CA5E90645}.Release|Any CPU.Build.0 = Release|Any CPU
		{A47BAAEF-CCB5-4582-9BB3-A10CA5E90645}.Release|x64.ActiveCfg = Release|Any CPU
		{A47BAAEF-CCB5-4582-9BB3-A10CA5E90645}.Release|x86.ActiveCfg = Release|Any CPU
		{4BA314EF-3324-488E-89BA-3BF1D64035BE}.Debug|Any CPU.ActiveCfg = Debug|Any CPU
		{4BA314EF-3324-488E-89BA-3BF1D64035BE}.Debug|Any CPU.Build.0 = Debug|Any CPU
		{4BA314EF-3324-488E-89BA-3BF1D64035BE}.Debug|x64.ActiveCfg = Debug|Any CPU
		{4BA314EF-3324-488E-89BA-3BF1D64035BE}.Debug|x86.ActiveCfg = Debug|Any CPU
		{4BA314EF-3324-488E-89BA-3BF1D64035BE}.Release|Any CPU.ActiveCfg = Release|Any CPU
		{4BA314EF-3324-488E-89BA-3BF1D64035BE}.Release|Any CPU.Build.0 = Release|Any CPU
		{4BA314EF-3324-488E-89BA-3BF1D64035BE}.Release|x64.ActiveCfg = Release|Any CPU
		{4BA314EF-3324-488E-89BA-3BF1D64035BE}.Release|x86.ActiveCfg = Release|Any CPU
		{41363274-6E18-43DA-9D6A-C8A5CB74598F}.Debug|Any CPU.ActiveCfg = Debug|Any CPU
		{41363274-6E18-43DA-9D6A-C8A5CB74598F}.Debug|Any CPU.Build.0 = Debug|Any CPU
		{41363274-6E18-43DA-9D6A-C8A5CB74598F}.Debug|x64.ActiveCfg = Debug|Any CPU
		{41363274-6E18-43DA-9D6A-C8A5CB74598F}.Debug|x86.ActiveCfg = Debug|x86
		{41363274-6E18-43DA-9D6A-C8A5CB74598F}.Debug|x86.Build.0 = Debug|x86
		{41363274-6E18-43DA-9D6A-C8A5CB74598F}.Release|Any CPU.ActiveCfg = Release|Any CPU
		{41363274-6E18-43DA-9D6A-C8A5CB74598F}.Release|Any CPU.Build.0 = Release|Any CPU
		{41363274-6E18-43DA-9D6A-C8A5CB74598F}.Release|x64.ActiveCfg = Release|Any CPU
		{41363274-6E18-43DA-9D6A-C8A5CB74598F}.Release|x86.ActiveCfg = Release|x86
		{41363274-6E18-43DA-9D6A-C8A5CB74598F}.Release|x86.Build.0 = Release|x86
		{283765CD-4CAA-4C89-994A-0A73B60D2FBA}.Debug|Any CPU.ActiveCfg = Debug|Any CPU
		{283765CD-4CAA-4C89-994A-0A73B60D2FBA}.Debug|Any CPU.Build.0 = Debug|Any CPU
		{283765CD-4CAA-4C89-994A-0A73B60D2FBA}.Debug|x64.ActiveCfg = Debug|Any CPU
		{283765CD-4CAA-4C89-994A-0A73B60D2FBA}.Debug|x86.ActiveCfg = Debug|x86
		{283765CD-4CAA-4C89-994A-0A73B60D2FBA}.Debug|x86.Build.0 = Debug|x86
		{283765CD-4CAA-4C89-994A-0A73B60D2FBA}.Release|Any CPU.ActiveCfg = Release|Any CPU
		{283765CD-4CAA-4C89-994A-0A73B60D2FBA}.Release|Any CPU.Build.0 = Release|Any CPU
		{283765CD-4CAA-4C89-994A-0A73B60D2FBA}.Release|x64.ActiveCfg = Release|Any CPU
		{283765CD-4CAA-4C89-994A-0A73B60D2FBA}.Release|x86.ActiveCfg = Release|x86
		{283765CD-4CAA-4C89-994A-0A73B60D2FBA}.Release|x86.Build.0 = Release|x86
		{7A112510-DF91-451B-9604-58A5C61BF448}.Debug|Any CPU.ActiveCfg = Debug|Any CPU
		{7A112510-DF91-451B-9604-58A5C61BF448}.Debug|Any CPU.Build.0 = Debug|Any CPU
		{7A112510-DF91-451B-9604-58A5C61BF448}.Debug|x64.ActiveCfg = Debug|Any CPU
		{7A112510-DF91-451B-9604-58A5C61BF448}.Debug|x86.ActiveCfg = Debug|x86
		{7A112510-DF91-451B-9604-58A5C61BF448}.Debug|x86.Build.0 = Debug|x86
		{7A112510-DF91-451B-9604-58A5C61BF448}.Release|Any CPU.ActiveCfg = Release|Any CPU
		{7A112510-DF91-451B-9604-58A5C61BF448}.Release|Any CPU.Build.0 = Release|Any CPU
		{7A112510-DF91-451B-9604-58A5C61BF448}.Release|x64.ActiveCfg = Release|Any CPU
		{7A112510-DF91-451B-9604-58A5C61BF448}.Release|x86.ActiveCfg = Release|x86
		{7A112510-DF91-451B-9604-58A5C61BF448}.Release|x86.Build.0 = Release|x86
		{E02F19CA-2457-423F-B91D-DB1F85607B90}.Debug|Any CPU.ActiveCfg = Debug|Any CPU
		{E02F19CA-2457-423F-B91D-DB1F85607B90}.Debug|Any CPU.Build.0 = Debug|Any CPU
		{E02F19CA-2457-423F-B91D-DB1F85607B90}.Debug|x64.ActiveCfg = Debug|x64
		{E02F19CA-2457-423F-B91D-DB1F85607B90}.Debug|x64.Build.0 = Debug|x64
		{E02F19CA-2457-423F-B91D-DB1F85607B90}.Debug|x86.ActiveCfg = Debug|x86
		{E02F19CA-2457-423F-B91D-DB1F85607B90}.Debug|x86.Build.0 = Debug|x86
		{E02F19CA-2457-423F-B91D-DB1F85607B90}.Release|Any CPU.ActiveCfg = Release|Any CPU
		{E02F19CA-2457-423F-B91D-DB1F85607B90}.Release|Any CPU.Build.0 = Release|Any CPU
		{E02F19CA-2457-423F-B91D-DB1F85607B90}.Release|x64.ActiveCfg = Release|x64
		{E02F19CA-2457-423F-B91D-DB1F85607B90}.Release|x64.Build.0 = Release|x64
		{E02F19CA-2457-423F-B91D-DB1F85607B90}.Release|x86.ActiveCfg = Release|x86
		{E02F19CA-2457-423F-B91D-DB1F85607B90}.Release|x86.Build.0 = Release|x86
	EndGlobalSection
	GlobalSection(SolutionProperties) = preSolution
		HideSolutionNode = FALSE
	EndGlobalSection
EndGlobal
